
Microsoft Visual Studio Solution File, Format Version 12.00
# Visual Studio 2012
Project("{FAE04EC0-301F-11D3-BF4B-00C04F79EFBC}") = "PSJ - PrimeFactors", "PSJ - PrimeFactors\PSJ - PrimeFactors.csproj", "{0F705C8C-6C4F-4295-87BD-252435FC00E3}"
EndProject
Global
	GlobalSection(SolutionConfigurationPlatforms) = preSolution
		Debug|Any CPU = Debug|Any CPU
		Release|Any CPU = Release|Any CPU
	EndGlobalSection
	GlobalSection(ProjectConfigurationPlatforms) = postSolution
		{0F705C8C-6C4F-4295-87BD-252435FC00E3}.Debug|Any CPU.ActiveCfg = Debug|Any CPU
		{0F705C8C-6C4F-4295-87BD-252435FC00E3}.Debug|Any CPU.Build.0 = Debug|Any CPU
		{0F705C8C-6C4F-4295-87BD-252435FC00E3}.Release|Any CPU.ActiveCfg = Release|Any CPU
		{0F705C8C-6C4F-4295-87BD-252435FC00E3}.Release|Any CPU.Build.0 = Release|Any CPU
	EndGlobalSection
	GlobalSection(SolutionProperties) = preSolution
		HideSolutionNode = FALSE
	EndGlobalSection
EndGlobal
